
Microsoft Visual Studio Solution File, Format Version 12.00
# Visual Studio 14
VisualStudioVersion = 14.0.23107.0
MinimumVisualStudioVersion = 10.0.40219.1
Project("{FAE04EC0-301F-11D3-BF4B-00C04F79EFBC}") = "BcsResolver", "BcsResolver\BcsResolver.csproj", "{AB389380-F87C-4488-881E-B92169E6BABB}"
EndProject
Project("{FAE04EC0-301F-11D3-BF4B-00C04F79EFBC}") = "BcsExplorerDemo", "BcsExplorerDemo\BcsExplorerDemo.csproj", "{05FF8960-35CA-48E9-B68C-CC70B0FE55EA}"
EndProject
Project("{FAE04EC0-301F-11D3-BF4B-00C04F79EFBC}") = "BcsConsole", "BcsConsole\BcsConsole.csproj", "{0AF4F00E-AC5D-480D-96D4-9D84E46BC3E3}"
EndProject
Global
	GlobalSection(SolutionConfigurationPlatforms) = preSolution
		Debug|Any CPU = Debug|Any CPU
		Release|Any CPU = Release|Any CPU
	EndGlobalSection
	GlobalSection(ProjectConfigurationPlatforms) = postSolution
		{AB389380-F87C-4488-881E-B92169E6BABB}.Debug|Any CPU.ActiveCfg = Debug|Any CPU
		{AB389380-F87C-4488-881E-B92169E6BABB}.Debug|Any CPU.Build.0 = Debug|Any CPU
		{AB389380-F87C-4488-881E-B92169E6BABB}.Release|Any CPU.ActiveCfg = Release|Any CPU
		{AB389380-F87C-4488-881E-B92169E6BABB}.Release|Any CPU.Build.0 = Release|Any CPU
		{05FF8960-35CA-48E9-B68C-CC70B0FE55EA}.Debug|Any CPU.ActiveCfg = Debug|Any CPU
		{05FF8960-35CA-48E9-B68C-CC70B0FE55EA}.Debug|Any CPU.Build.0 = Debug|Any CPU
		{05FF8960-35CA-48E9-B68C-CC70B0FE55EA}.Release|Any CPU.ActiveCfg = Release|Any CPU
		{05FF8960-35CA-48E9-B68C-CC70B0FE55EA}.Release|Any CPU.Build.0 = Release|Any CPU
		{0AF4F00E-AC5D-480D-96D4-9D84E46BC3E3}.Debug|Any CPU.ActiveCfg = Debug|Any CPU
		{0AF4F00E-AC5D-480D-96D4-9D84E46BC3E3}.Debug|Any CPU.Build.0 = Debug|Any CPU
		{0AF4F00E-AC5D-480D-96D4-9D84E46BC3E3}.Release|Any CPU.ActiveCfg = Release|Any CPU
		{0AF4F00E-AC5D-480D-96D4-9D84E46BC3E3}.Release|Any CPU.Build.0 = Release|Any CPU
	EndGlobalSection
	GlobalSection(SolutionProperties) = preSolution
		HideSolutionNode = FALSE
	EndGlobalSection
EndGlobal
