
Microsoft Visual Studio Solution File, Format Version 12.00
# Visual Studio 15
VisualStudioVersion = 15.0.27004.2006
MinimumVisualStudioVersion = 10.0.40219.1
Project("{2150E333-8FDC-42A3-9474-1A3956D46DE8}") = "Solution Items", "Solution Items", "{37071204-8B1F-4650-B4A8-7974D59E6F52}"
	ProjectSection(SolutionItems) = preProject
		README.md = README.md
	EndProjectSection
EndProject
Project("{2150E333-8FDC-42A3-9474-1A3956D46DE8}") = "Tests", "Tests", "{3E490B77-565B-4EEE-9E1F-148E77F9437D}"
EndProject
Project("{2150E333-8FDC-42A3-9474-1A3956D46DE8}") = "Web", "Web", "{AA31DC00-6B69-4051-B850-25B1997E403F}"
EndProject
Project("{9A19103F-16F7-4668-BE54-9A1E7A4F7556}") = "BcsAdmin.DAL", "BcsAdmin.DAL\BcsAdmin.DAL.csproj", "{738B6832-B2E8-47B8-8798-BFD6E2EF11C3}"
EndProject
Project("{9A19103F-16F7-4668-BE54-9A1E7A4F7556}") = "BcsAdmin.BL", "BcsAdmin.BL\BcsAdmin.BL.csproj", "{23E68D7D-58F1-49F8-AE25-0DC4AC4BA6A4}"
EndProject
Project("{9A19103F-16F7-4668-BE54-9A1E7A4F7556}") = "Bcs.Resolver.UnitTests", "Bcs.Resolver.UnitTests\Bcs.Resolver.UnitTests.csproj", "{9E554919-0EF0-4A11-8863-6095816A96E5}"
EndProject
Project("{9A19103F-16F7-4668-BE54-9A1E7A4F7556}") = "Bcs.Resolver", "Bcs.Resolver\Bcs.Resolver.csproj", "{7C51FB0D-41C8-4D5C-ABF9-56E4BB3BEFE0}"
EndProject
Project("{9A19103F-16F7-4668-BE54-9A1E7A4F7556}") = "Bcs.Resolver.File", "Bcs.Resolver.Data\Bcs.Resolver.File.csproj", "{D09EB94F-71C9-4DA1-AAC8-831D4F1287E1}"
EndProject
Project("{9A19103F-16F7-4668-BE54-9A1E7A4F7556}") = "Bcs.Resolver.DemoWeb", "Bcs.Resolver.DemoWeb\Bcs.Resolver.DemoWeb.csproj", "{50EAA6C6-3120-4B00-B056-9EECAF7172DA}"
EndProject
Project("{9A19103F-16F7-4668-BE54-9A1E7A4F7556}") = "Bcs.Admin.Web", "Bcs.Admin.Web\Bcs.Admin.Web.csproj", "{4DCD3288-477F-48FC-ADA9-F407A5774AB9}"
EndProject
Project("{2150E333-8FDC-42A3-9474-1A3956D46DE8}") = "Tools", "Tools", "{4A6A0C1F-E449-4817-88B0-155CF405BE73}"
EndProject
Project("{9A19103F-16F7-4668-BE54-9A1E7A4F7556}") = "Bcs.Admin.Generator", "Bcs.Admin.Generator\Bcs.Admin.Generator.csproj", "{56F64182-DF0C-4D46-88AA-51883026A96F}"
EndProject
Global
	GlobalSection(SolutionConfigurationPlatforms) = preSolution
		Debug|Any CPU = Debug|Any CPU
		Release|Any CPU = Release|Any CPU
	EndGlobalSection
	GlobalSection(ProjectConfigurationPlatforms) = postSolution
		{738B6832-B2E8-47B8-8798-BFD6E2EF11C3}.Debug|Any CPU.ActiveCfg = Debug|Any CPU
		{738B6832-B2E8-47B8-8798-BFD6E2EF11C3}.Debug|Any CPU.Build.0 = Debug|Any CPU
		{738B6832-B2E8-47B8-8798-BFD6E2EF11C3}.Release|Any CPU.ActiveCfg = Release|Any CPU
		{738B6832-B2E8-47B8-8798-BFD6E2EF11C3}.Release|Any CPU.Build.0 = Release|Any CPU
		{23E68D7D-58F1-49F8-AE25-0DC4AC4BA6A4}.Debug|Any CPU.ActiveCfg = Debug|Any CPU
		{23E68D7D-58F1-49F8-AE25-0DC4AC4BA6A4}.Debug|Any CPU.Build.0 = Debug|Any CPU
		{23E68D7D-58F1-49F8-AE25-0DC4AC4BA6A4}.Release|Any CPU.ActiveCfg = Release|Any CPU
		{23E68D7D-58F1-49F8-AE25-0DC4AC4BA6A4}.Release|Any CPU.Build.0 = Release|Any CPU
		{9E554919-0EF0-4A11-8863-6095816A96E5}.Debug|Any CPU.ActiveCfg = Debug|Any CPU
		{9E554919-0EF0-4A11-8863-6095816A96E5}.Debug|Any CPU.Build.0 = Debug|Any CPU
		{9E554919-0EF0-4A11-8863-6095816A96E5}.Release|Any CPU.ActiveCfg = Release|Any CPU
		{9E554919-0EF0-4A11-8863-6095816A96E5}.Release|Any CPU.Build.0 = Release|Any CPU
		{7C51FB0D-41C8-4D5C-ABF9-56E4BB3BEFE0}.Debug|Any CPU.ActiveCfg = Debug|Any CPU
		{7C51FB0D-41C8-4D5C-ABF9-56E4BB3BEFE0}.Debug|Any CPU.Build.0 = Debug|Any CPU
		{7C51FB0D-41C8-4D5C-ABF9-56E4BB3BEFE0}.Release|Any CPU.ActiveCfg = Release|Any CPU
		{7C51FB0D-41C8-4D5C-ABF9-56E4BB3BEFE0}.Release|Any CPU.Build.0 = Release|Any CPU
		{D09EB94F-71C9-4DA1-AAC8-831D4F1287E1}.Debug|Any CPU.ActiveCfg = Debug|Any CPU
		{D09EB94F-71C9-4DA1-AAC8-831D4F1287E1}.Debug|Any CPU.Build.0 = Debug|Any CPU
		{D09EB94F-71C9-4DA1-AAC8-831D4F1287E1}.Release|Any CPU.ActiveCfg = Release|Any CPU
		{D09EB94F-71C9-4DA1-AAC8-831D4F1287E1}.Release|Any CPU.Build.0 = Release|Any CPU
		{50EAA6C6-3120-4B00-B056-9EECAF7172DA}.Debug|Any CPU.ActiveCfg = Debug|Any CPU
		{50EAA6C6-3120-4B00-B056-9EECAF7172DA}.Debug|Any CPU.Build.0 = Debug|Any CPU
		{50EAA6C6-3120-4B00-B056-9EECAF7172DA}.Release|Any CPU.ActiveCfg = Release|Any CPU
		{50EAA6C6-3120-4B00-B056-9EECAF7172DA}.Release|Any CPU.Build.0 = Release|Any CPU
		{4DCD3288-477F-48FC-ADA9-F407A5774AB9}.Debug|Any CPU.ActiveCfg = Debug|Any CPU
		{4DCD3288-477F-48FC-ADA9-F407A5774AB9}.Debug|Any CPU.Build.0 = Debug|Any CPU
		{4DCD3288-477F-48FC-ADA9-F407A5774AB9}.Release|Any CPU.ActiveCfg = Release|Any CPU
		{4DCD3288-477F-48FC-ADA9-F407A5774AB9}.Release|Any CPU.Build.0 = Release|Any CPU
		{56F64182-DF0C-4D46-88AA-51883026A96F}.Debug|Any CPU.ActiveCfg = Debug|Any CPU
		{56F64182-DF0C-4D46-88AA-51883026A96F}.Debug|Any CPU.Build.0 = Debug|Any CPU
		{56F64182-DF0C-4D46-88AA-51883026A96F}.Release|Any CPU.ActiveCfg = Release|Any CPU
		{56F64182-DF0C-4D46-88AA-51883026A96F}.Release|Any CPU.Build.0 = Release|Any CPU
	EndGlobalSection
	GlobalSection(SolutionProperties) = preSolution
		HideSolutionNode = FALSE
	EndGlobalSection
	GlobalSection(NestedProjects) = preSolution
		{9E554919-0EF0-4A11-8863-6095816A96E5} = {3E490B77-565B-4EEE-9E1F-148E77F9437D}
		{50EAA6C6-3120-4B00-B056-9EECAF7172DA} = {AA31DC00-6B69-4051-B850-25B1997E403F}
		{4DCD3288-477F-48FC-ADA9-F407A5774AB9} = {AA31DC00-6B69-4051-B850-25B1997E403F}
		{56F64182-DF0C-4D46-88AA-51883026A96F} = {4A6A0C1F-E449-4817-88B0-155CF405BE73}
	EndGlobalSection
	GlobalSection(ExtensibilityGlobals) = postSolution
		SolutionGuid = {770065D1-F720-48D1-AAC1-AF0B882674FB}
	EndGlobalSection
EndGlobal
